PODS:
  - LTInfiniteScrollView (4.3.0)
  - LTUIKit (0.1.0)
  - SVProgressHUD (2.0)

DEPENDENCIES:
  - LTInfiniteScrollView
  - LTUIKit
  - SVProgressHUD

SPEC CHECKSUMS:
  LTInfiniteScrollView: fbd3ad4406d45c379aa9f32095424b6896944193
  LTUIKit: a2ea10f50d780c81e8f1defd9f646b874ae2da6f
  SVProgressHUD: e9e7c893686a20da55a28015ed384d9425e15479

COCOAPODS: 0.39.0
