PODS:
  - LTInfiniteScrollView (4.3.2)
  - LTUIKit (0.1.0)
  - SVProgressHUD (2.0)

DEPENDENCIES:
  - LTInfiniteScrollView
  - LTUIKit
  - SVProgressHUD

SPEC CHECKSUMS:
  LTInfiniteScrollView: 6ce2fcaf6d030a9e45a164ba9dcdb1b325a30d03
  LTUIKit: a2ea10f50d780c81e8f1defd9f646b874ae2da6f
  SVProgressHUD: e9e7c893686a20da55a28015ed384d9425e15479

COCOAPODS: 0.39.0
